
Microsoft Visual Studio Solution File, Format Version 12.00
# Visual Studio Version 16
VisualStudioVersion = 16.0.32126.315
MinimumVisualStudioVersion = 10.0.40219.1
Project("{FAE04EC0-301F-11D3-BF4B-00C04F79EFBC}") = "Galereya", "Galereya\Galereya.csproj", "{1F8C2BF8-B8AB-49A6-BCA8-CE1587A9CC37}"
EndProject
Global
	GlobalSection(SolutionConfigurationPlatforms) = preSolution
		Debug|Any CPU = Debug|Any CPU
		Release|Any CPU = Release|Any CPU
	EndGlobalSection
	GlobalSection(ProjectConfigurationPlatforms) = postSolution
		{1F8C2BF8-B8AB-49A6-BCA8-CE1587A9CC37}.Debug|Any CPU.ActiveCfg = Debug|Any CPU
		{1F8C2BF8-B8AB-49A6-BCA8-CE1587A9CC37}.Debug|Any CPU.Build.0 = Debug|Any CPU
		{1F8C2BF8-B8AB-49A6-BCA8-CE1587A9CC37}.Release|Any CPU.ActiveCfg = Release|Any CPU
		{1F8C2BF8-B8AB-49A6-BCA8-CE1587A9CC37}.Release|Any CPU.Build.0 = Release|Any CPU
	EndGlobalSection
	GlobalSection(SolutionProperties) = preSolution
		HideSolutionNode = FALSE
	EndGlobalSection
	GlobalSection(ExtensibilityGlobals) = postSolution
		SolutionGuid = {34AF2186-271C-494F-A4F2-DE88834CDCC8}
	EndGlobalSection
EndGlobal
